
Microsoft Visual Studio Solution File, Format Version 12.00
# Visual Studio Version 17
VisualStudioVersion = 17.5.002.0
MinimumVisualStudioVersion = 10.0.40219.1
Project("{2150E333-8FDC-42A3-9474-1A3956D46DE8}") = "SubscriptionCampaign", "SubscriptionCampaign", "{E4BDC187-C442-4726-8D20-536F5E654DEB}"
EndProject
Project("{9A19103F-16F7-4668-BE54-9A1E7A4F7556}") = "TestCampaign", "SubscriptionCampaign\TestCampaign\TestCampaign.csproj", "{F4790860-3944-4006-A875-8A73EA30D38E}"
EndProject
Global
	GlobalSection(SolutionConfigurationPlatforms) = preSolution
		Debug|Any CPU = Debug|Any CPU
		Release|Any CPU = Release|Any CPU
	EndGlobalSection
	GlobalSection(ProjectConfigurationPlatforms) = postSolution
		{F4790860-3944-4006-A875-8A73EA30D38E}.Debug|Any CPU.ActiveCfg = Debug|Any CPU
		{F4790860-3944-4006-A875-8A73EA30D38E}.Debug|Any CPU.Build.0 = Debug|Any CPU
		{F4790860-3944-4006-A875-8A73EA30D38E}.Release|Any CPU.ActiveCfg = Release|Any CPU
		{F4790860-3944-4006-A875-8A73EA30D38E}.Release|Any CPU.Build.0 = Release|Any CPU
	EndGlobalSection
	GlobalSection(SolutionProperties) = preSolution
		HideSolutionNode = FALSE
	EndGlobalSection
	GlobalSection(NestedProjects) = preSolution
		{F4790860-3944-4006-A875-8A73EA30D38E} = {E4BDC187-C442-4726-8D20-536F5E654DEB}
	EndGlobalSection
	GlobalSection(ExtensibilityGlobals) = postSolution
		SolutionGuid = {5D2BF6E4-321D-4044-952F-E8A1785A1F81}
	EndGlobalSection
EndGlobal
